
Microsoft Visual Studio Solution File, Format Version 12.00
# Visual Studio 15
VisualStudioVersion = 15.0.27130.2027
MinimumVisualStudioVersion = 10.0.40219.1
Project("{FAE04EC0-301F-11D3-BF4B-00C04F79EFBC}") = "EEBL", "Everybody Edits Bot Loader\EEBL.csproj", "{859DB21A-5ADD-417E-95CF-F5DAF49AF59F}"
EndProject
Project("{FAE04EC0-301F-11D3-BF4B-00C04F79EFBC}") = "EEBLAPI", "EEBLAPI\EEBLAPI.csproj", "{7A615CE8-6F46-4CC6-BEBC-078448A4BA05}"
EndProject
Global
	GlobalSection(SolutionConfigurationPlatforms) = preSolution
		Debug|Any CPU = Debug|Any CPU
		Release|Any CPU = Release|Any CPU
	EndGlobalSection
	GlobalSection(ProjectConfigurationPlatforms) = postSolution
		{859DB21A-5ADD-417E-95CF-F5DAF49AF59F}.Debug|Any CPU.ActiveCfg = Debug|Any CPU
		{859DB21A-5ADD-417E-95CF-F5DAF49AF59F}.Debug|Any CPU.Build.0 = Debug|Any CPU
		{859DB21A-5ADD-417E-95CF-F5DAF49AF59F}.Release|Any CPU.ActiveCfg = Release|Any CPU
		{859DB21A-5ADD-417E-95CF-F5DAF49AF59F}.Release|Any CPU.Build.0 = Release|Any CPU
		{7A615CE8-6F46-4CC6-BEBC-078448A4BA05}.Debug|Any CPU.ActiveCfg = Debug|Any CPU
		{7A615CE8-6F46-4CC6-BEBC-078448A4BA05}.Debug|Any CPU.Build.0 = Debug|Any CPU
		{7A615CE8-6F46-4CC6-BEBC-078448A4BA05}.Release|Any CPU.ActiveCfg = Release|Any CPU
		{7A615CE8-6F46-4CC6-BEBC-078448A4BA05}.Release|Any CPU.Build.0 = Release|Any CPU
	EndGlobalSection
	GlobalSection(SolutionProperties) = preSolution
		HideSolutionNode = FALSE
	EndGlobalSection
	GlobalSection(ExtensibilityGlobals) = postSolution
		SolutionGuid = {4A37097F-6ED4-4792-91DE-CEBFE7309028}
	EndGlobalSection
EndGlobal
